// !$*UTF8*$!
{
	archiveVersion = 1;
	classes = {
	};
	objectVersion = 46;
	objects = {

/* Begin PBXBuildFile section */
		045D58C619D55E730029D101 /* Foundation.framework in Frameworks */ = {isa = PBXBuildFile; fileRef = 045D58C519D55E730029D101 /* Foundation.framework */; };
		045D58C819D55E730029D101 /* CoreGraphics.framework in Frameworks */ = {isa = PBXBuildFile; fileRef = 045D58C719D55E730029D101 /* CoreGraphics.framework */; };
		045D58CA19D55E730029D101 /* UIKit.framework in Frameworks */ = {isa = PBXBuildFile; fileRef = 045D58C919D55E730029D101 /* UIKit.framework */; };
		045D58D019D55E730029D101 /* InfoPlist.strings in Resources */ = {isa = PBXBuildFile; fileRef = 045D58CE19D55E730029D101 /* InfoPlist.strings */; };
		045D58D219D55E730029D101 /* main.m in Sources */ = {isa = PBXBuildFile; fileRef = 045D58D119D55E730029D101 /* main.m */; };
		045D58D619D55E730029D101 /* AppDelegate.m in Sources */ = {isa = PBXBuildFile; fileRef = 045D58D519D55E730029D101 /* AppDelegate.m */; };
		045D58D919D55E730029D101 /* Main_iPhone.storyboard in Resources */ = {isa = PBXBuildFile; fileRef = 045D58D719D55E730029D101 /* Main_iPhone.storyboard */; };
		045D58DC19D55E730029D101 /* Main_iPad.storyboard in Resources */ = {isa = PBXBuildFile; fileRef = 045D58DA19D55E730029D101 /* Main_iPad.storyboard */; };
		045D58DF19D55E730029D101 /* ViewController.m in Sources */ = {isa = PBXBuildFile; fileRef = 045D58DE19D55E730029D101 /* ViewController.m */; };
		045D58E119D55E730029D101 /* Images.xcassets in Resources */ = {isa = PBXBuildFile; fileRef = 045D58E019D55E730029D101 /* Images.xcassets */; };
		045D58E819D55E730029D101 /* XCTest.framework in Frameworks */ = {isa = PBXBuildFile; fileRef = 045D58E719D55E730029D101 /* XCTest.framework */; };
		045D58E919D55E730029D101 /* Foundation.framework in Frameworks */ = {isa = PBXBuildFile; fileRef = 045D58C519D55E730029D101 /* Foundation.framework */; };
		045D58EA19D55E730029D101 /* UIKit.framework in Frameworks */ = {isa = PBXBuildFile; fileRef = 045D58C919D55E730029D101 /* UIKit.framework */; };
		045D58F219D55E730029D101 /* InfoPlist.strings in Resources */ = {isa = PBXBuildFile; fileRef = 045D58F019D55E730029D101 /* InfoPlist.strings */; };
		045D58F419D55E730029D101 /* AdaptiveWeatherTests.m in Sources */ = {isa = PBXBuildFile; fileRef = 045D58F319D55E730029D101 /* AdaptiveWeatherTests.m */; };
/* End PBXBuildFile section */

/* Begin PBXContainerItemProxy section */
		045D58EB19D55E730029D101 /* PBXContainerItemProxy */ = {
			isa = PBXContainerItemProxy;
			containerPortal = 045D58BA19D55E730029D101 /* Project object */;
			proxyType = 1;
			remoteGlobalIDString = 045D58C119D55E730029D101;
			remoteInfo = AdaptiveWeather;
		};
/* End PBXContainerItemProxy section */

/* Begin PBXFileReference section */
		045D58C219D55E730029D101 /* AdaptiveWeather.app */ = {isa = PBXFileReference; explicitFileType = wrapper.application; includeInIndex = 0; path = AdaptiveWeather.app; sourceTree = BUILT_PRODUCTS_DIR; };
		045D58C519D55E730029D101 /* Foundation.framework */ = {isa = PBXFileReference; lastKnownFileType = wrapper.framework; name = Foundation.framework; path = System/Library/Frameworks/Foundation.framework; sourceTree = SDKROOT; };
		045D58C719D55E730029D101 /* CoreGraphics.framework */ = {isa = PBXFileReference; lastKnownFileType = wrapper.framework; name = CoreGraphics.framework; path = System/Library/Frameworks/CoreGraphics.framework; sourceTree = SDKROOT; };
		045D58C919D55E730029D101 /* UIKit.framework */ = {isa = PBXFileReference; lastKnownFileType = wrapper.framework; name = UIKit.framework; path = System/Library/Frameworks/UIKit.framework; sourceTree = SDKROOT; };
		045D58CD19D55E730029D101 /* AdaptiveWeather-Info.plist */ = {isa = PBXFileReference; lastKnownFileType = text.plist.xml; path = "AdaptiveWeather-Info.plist"; sourceTree = "<group>"; };
		045D58CF19D55E730029D101 /* en */ = {isa = PBXFileReference; lastKnownFileType = text.plist.strings; name = en; path = en.lproj/InfoPlist.strings; sourceTree = "<group>"; };
		045D58D119D55E730029D101 /* main.m */ = {isa = PBXFileReference; lastKnownFileType = sourcecode.c.objc; path = main.m; sourceTree = "<group>"; };
		045D58D319D55E730029D101 /* AdaptiveWeather-Prefix.pch */ = {isa = PBXFileReference; lastKnownFileType = sourcecode.c.h; path = "AdaptiveWeather-Prefix.pch"; sourceTree = "<group>"; };
		045D58D419D55E730029D101 /* AppDelegate.h */ = {isa = PBXFileReference; lastKnownFileType = sourcecode.c.h; path = AppDelegate.h; sourceTree = "<group>"; };
		045D58D519D55E730029D101 /* AppDelegate.m */ = {isa = PBXFileReference; lastKnownFileType = sourcecode.c.objc; path = AppDelegate.m; sourceTree = "<group>"; };
		045D58D819D55E730029D101 /* Base */ = {isa = PBXFileReference; lastKnownFileType = file.storyboard; name = Base; path = Base.lproj/Main_iPhone.storyboard; sourceTree = "<group>"; };
		045D58DB19D55E730029D101 /* Base */ = {isa = PBXFileReference; lastKnownFileType = file.storyboard; name = Base; path = Base.lproj/Main_iPad.storyboard; sourceTree = "<group>"; };
		045D58DD19D55E730029D101 /* ViewController.h */ = {isa = PBXFileReference; lastKnownFileType = sourcecode.c.h; path = ViewController.h; sourceTree = "<group>"; };
		045D58DE19D55E730029D101 /* ViewController.m */ = {isa = PBXFileReference; lastKnownFileType = sourcecode.c.objc; path = ViewController.m; sourceTree = "<group>"; };
		045D58E019D55E730029D101 /* Images.xcassets */ = {isa = PBXFileReference; lastKnownFileType = folder.assetcatalog; path = Images.xcassets; sourceTree = "<group>"; };
		045D58E619D55E730029D101 /* AdaptiveWeatherTests.xctest */ = {isa = PBXFileReference; explicitFileType = wrapper.cfbundle; includeInIndex = 0; path = AdaptiveWeatherTests.xctest; sourceTree = BUILT_PRODUCTS_DIR; };
		045D58E719D55E730029D101 /* XCTest.framework */ = {isa = PBXFileReference; lastKnownFileType = wrapper.framework; name = XCTest.framework; path = Library/Frameworks/XCTest.framework; sourceTree = DEVELOPER_DIR; };
		045D58EF19D55E730029D101 /* AdaptiveWeatherTests-Info.plist */ = {isa = PBXFileReference; lastKnownFileType = text.plist.xml; path = "AdaptiveWeatherTests-Info.plist"; sourceTree = "<group>"; };
		045D58F119D55E730029D101 /* en */ = {isa = PBXFileReference; lastKnownFileType = text.plist.strings; name = en; path = en.lproj/InfoPlist.strings; sourceTree = "<group>"; };
		045D58F319D55E730029D101 /* AdaptiveWeatherTests.m */ = {isa = PBXFileReference; lastKnownFileType = sourcecode.c.objc; path = AdaptiveWeatherTests.m; sourceTree = "<group>"; };
/* End PBXFileReference section */

/* Begin PBXFrameworksBuildPhase section */
		045D58BF19D55E730029D101 /* Frameworks */ = {
			isa = PBXFrameworksBuildPhase;
			buildActionMask = 2147483647;
			files = (
				045D58C819D55E730029D101 /* CoreGraphics.framework in Frameworks */,
				045D58CA19D55E730029D101 /* UIKit.framework in Frameworks */,
				045D58C619D55E730029D101 /* Foundation.framework in Frameworks */,
			);
			runOnlyForDeploymentPostprocessing = 0;
		};
		045D58E319D55E730029D101 /* Frameworks */ = {
			isa = PBXFrameworksBuildPhase;
			buildActionMask = 2147483647;
			files = (
				045D58E819D55E730029D101 /* XCTest.framework in Frameworks */,
				045D58EA19D55E730029D101 /* UIKit.framework in Frameworks */,
				045D58E919D55E730029D101 /* Foundation.framework in Frameworks */,
			);
			runOnlyForDeploymentPostprocessing = 0;
		};
/* End PBXFrameworksBuildPhase section */

/* Begin PBXGroup section */
		045D58B919D55E730029D101 = {
			isa = PBXGroup;
			children = (
				045D58CB19D55E730029D101 /* AdaptiveWeather */,
				045D58ED19D55E730029D101 /* AdaptiveWeatherTests */,
				045D58C419D55E730029D101 /* Frameworks */,
				045D58C319D55E730029D101 /* Products */,
			);
			sourceTree = "<group>";
		};
		045D58C319D55E730029D101 /* Products */ = {
			isa = PBXGroup;
			children = (
				045D58C219D55E730029D101 /* AdaptiveWeather.app */,
				045D58E619D55E730029D101 /* AdaptiveWeatherTests.xctest */,
			);
			name = Products;
			sourceTree = "<group>";
		};
		045D58C419D55E730029D101 /* Frameworks */ = {
			isa = PBXGroup;
			children = (
				045D58C519D55E730029D101 /* Foundation.framework */,
				045D58C719D55E730029D101 /* CoreGraphics.framework */,
				045D58C919D55E730029D101 /* UIKit.framework */,
				045D58E719D55E730029D101 /* XCTest.framework */,
			);
			name = Frameworks;
			sourceTree = "<group>";
		};
		045D58CB19D55E730029D101 /* AdaptiveWeather */ = {
			isa = PBXGroup;
			children = (
				045D58D419D55E730029D101 /* AppDelegate.h */,
				045D58D519D55E730029D101 /* AppDelegate.m */,
				045D58D719D55E730029D101 /* Main_iPhone.storyboard */,
				045D58DA19D55E730029D101 /* Main_iPad.storyboard */,
				045D58DD19D55E730029D101 /* ViewController.h */,
				045D58DE19D55E730029D101 /* ViewController.m */,
				045D58E019D55E730029D101 /* Images.xcassets */,
				045D58CC19D55E730029D101 /* Supporting Files */,
			);
			path = AdaptiveWeather;
			sourceTree = "<group>";
		};
		045D58CC19D55E730029D101 /* Supporting Files */ = {
			isa = PBXGroup;
			children = (
				045D58CD19D55E730029D101 /* AdaptiveWeather-Info.plist */,
				045D58CE19D55E730029D101 /* InfoPlist.strings */,
				045D58D119D55E730029D101 /* main.m */,
				045D58D319D55E730029D101 /* AdaptiveWeather-Prefix.pch */,
			);
			name = "Supporting Files";
			sourceTree = "<group>";
		};
		045D58ED19D55E730029D101 /* AdaptiveWeatherTests */ = {
			isa = PBXGroup;
			children = (
				045D58F319D55E730029D101 /* AdaptiveWeatherTests.m */,
				045D58EE19D55E730029D101 /* Supporting Files */,
			);
			path = AdaptiveWeatherTests;
			sourceTree = "<group>";
		};
		045D58EE19D55E730029D101 /* Supporting Files */ = {
			isa = PBXGroup;
			children = (
				045D58EF19D55E730029D101 /* AdaptiveWeatherTests-Info.plist */,
				045D58F019D55E730029D101 /* InfoPlist.strings */,
			);
			name = "Supporting Files";
			sourceTree = "<group>";
		};
/* End PBXGroup section */

/* Begin PBXNativeTarget section */
		045D58C119D55E730029D101 /* AdaptiveWeather */ = {
			isa = PBXNativeTarget;
			buildConfigurationList = 045D58F719D55E730029D101 /* Build configuration list for PBXNativeTarget "AdaptiveWeather" */;
			buildPhases = (
				045D58BE19D55E730029D101 /* Sources */,
				045D58BF19D55E730029D101 /* Frameworks */,
				045D58C019D55E730029D101 /* Resources */,
			);
			buildRules = (
			);
			dependencies = (
			);
			name = AdaptiveWeather;
			productName = AdaptiveWeather;
			productReference = 045D58C219D55E730029D101 /* AdaptiveWeather.app */;
			productType = "com.apple.product-type.application";
		};
		045D58E519D55E730029D101 /* AdaptiveWeatherTests */ = {
			isa = PBXNativeTarget;
			buildConfigurationList = 045D58FA19D55E730029D101 /* Build configuration list for PBXNativeTarget "AdaptiveWeatherTests" */;
			buildPhases = (
				045D58E219D55E730029D101 /* Sources */,
				045D58E319D55E730029D101 /* Frameworks */,
				045D58E419D55E730029D101 /* Resources */,
			);
			buildRules = (
			);
			dependencies = (
				045D58EC19D55E730029D101 /* PBXTargetDependency */,
			);
			name = AdaptiveWeatherTests;
			productName = AdaptiveWeatherTests;
			productReference = 045D58E619D55E730029D101 /* AdaptiveWeatherTests.xctest */;
			productType = "com.apple.product-type.bundle.unit-test";
		};
/* End PBXNativeTarget section */

/* Begin PBXProject section */
		045D58BA19D55E730029D101 /* Project object */ = {
			isa = PBXProject;
			attributes = {
				LastUpgradeCheck = 0510;
				ORGANIZATIONNAME = pindao;
				TargetAttributes = {
					045D58E519D55E730029D101 = {
						TestTargetID = 045D58C119D55E730029D101;
					};
				};
			};
			buildConfigurationList = 045D58BD19D55E730029D101 /* Build configuration list for PBXProject "AdaptiveWeather" */;
			compatibilityVersion = "Xcode 3.2";
			developmentRegion = English;
			hasScannedForEncodings = 0;
			knownRegions = (
				en,
				Base,
			);
			mainGroup = 045D58B919D55E730029D101;
			productRefGroup = 045D58C319D55E730029D101 /* Products */;
			projectDirPath = "";
			projectRoot = "";
			targets = (
				045D58C119D55E730029D101 /* AdaptiveWeather */,
				045D58E519D55E730029D101 /* AdaptiveWeatherTests */,
			);
		};
/* End PBXProject section */

/* Begin PBXResourcesBuildPhase section */
		045D58C019D55E730029D101 /* Resources */ = {
			isa = PBXResourcesBuildPhase;
			buildActionMask = 2147483647;
			files = (
				045D58DC19D55E730029D101 /* Main_iPad.storyboard in Resources */,
				045D58E119D55E730029D101 /* Images.xcassets in Resources */,
				045D58D919D55E730029D101 /* Main_iPhone.storyboard in Resources */,
				045D58D019D55E730029D101 /* InfoPlist.strings in Resources */,
			);
			runOnlyForDeploymentPostprocessing = 0;
		};
		045D58E419D55E730029D101 /* Resources */ = {
			isa = PBXResourcesBuildPhase;
			buildActionMask = 2147483647;
			files = (
				045D58F219D55E730029D101 /* InfoPlist.strings in Resources */,
			);
			runOnlyForDeploymentPostprocessing = 0;
		};
/* End PBXResourcesBuildPhase section */

/* Begin PBXSourcesBuildPhase section */
		045D58BE19D55E730029D101 /* Sources */ = {
			isa = PBXSourcesBuildPhase;
			buildActionMask = 2147483647;
			files = (
				045D58DF19D55E730029D101 /* ViewController.m in Sources */,
				045D58D619D55E730029D101 /* AppDelegate.m in Sources */,
				045D58D219D55E730029D101 /* main.m in Sources */,
			);
			runOnlyForDeploymentPostprocessing = 0;
		};
		045D58E219D55E730029D101 /* Sources */ = {
			isa = PBXSourcesBuildPhase;
			buildActionMask = 2147483647;
			files = (
				045D58F419D55E730029D101 /* AdaptiveWeatherTests.m in Sources */,
			);
			runOnlyForDeploymentPostprocessing = 0;
		};
/* End PBXSourcesBuildPhase section */

/* Begin PBXTargetDependency section */
		045D58EC19D55E730029D101 /* PBXTargetDependency */ = {
			isa = PBXTargetDependency;
			target = 045D58C119D55E730029D101 /* AdaptiveWeather */;
			targetProxy = 045D58EB19D55E730029D101 /* PBXContainerItemProxy */;
		};
/* End PBXTargetDependency section */

/* Begin PBXVariantGroup section */
		045D58CE19D55E730029D101 /* InfoPlist.strings */ = {
			isa = PBXVariantGroup;
			children = (
				045D58CF19D55E730029D101 /* en */,
			);
			name = InfoPlist.strings;
			sourceTree = "<group>";
		};
		045D58D719D55E730029D101 /* Main_iPhone.storyboard */ = {
			isa = PBXVariantGroup;
			children = (
				045D58D819D55E730029D101 /* Base */,
			);
			name = Main_iPhone.storyboard;
			sourceTree = "<group>";
		};
		045D58DA19D55E730029D101 /* Main_iPad.storyboard */ = {
			isa = PBXVariantGroup;
			children = (
				045D58DB19D55E730029D101 /* Base */,
			);
			name = Main_iPad.storyboard;
			sourceTree = "<group>";
		};
		045D58F019D55E730029D101 /* InfoPlist.strings */ = {
			isa = PBXVariantGroup;
			children = (
				045D58F119D55E730029D101 /* en */,
			);
			name = InfoPlist.strings;
			sourceTree = "<group>";
		};
/* End PBXVariantGroup section */

/* Begin XCBuildConfiguration section */
		045D58F519D55E730029D101 /* Debug */ = {
			isa = XCBuildConfiguration;
			buildSettings = {
				ALWAYS_SEARCH_USER_PATHS = NO;
				CLANG_CXX_LANGUAGE_STANDARD = "gnu++0x";
				CLANG_CXX_LIBRARY = "libc++";
				CLANG_ENABLE_MODULES = YES;
				CLANG_ENABLE_OBJC_ARC = YES;
				CLANG_WARN_BOOL_CONVERSION = YES;
				CLANG_WARN_CONSTANT_CONVERSION = YES;
				CLANG_WARN_DIRECT_OBJC_ISA_USAGE = YES_ERROR;
				CLANG_WARN_EMPTY_BODY = YES;
				CLANG_WARN_ENUM_CONVERSION = YES;
				CLANG_WARN_INT_CONVERSION = YES;
				CLANG_WARN_OBJC_ROOT_CLASS = YES_ERROR;
				CLANG_WARN__DUPLICATE_METHOD_MATCH = YES;
				"CODE_SIGN_IDENTITY[sdk=iphoneos*]" = "iPhone Developer";
				COPY_PHASE_STRIP = NO;
				GCC_C_LANGUAGE_STANDARD = gnu99;
				GCC_DYNAMIC_NO_PIC = NO;
				GCC_OPTIMIZATION_LEVEL = 0;
				GCC_PREPROCESSOR_DEFINITIONS = (
					"DEBUG=1",
					"$(inherited)",
				);
				GCC_SYMBOLS_PRIVATE_EXTERN = NO;
				GCC_WARN_64_TO_32_BIT_CONVERSION = YES;
				GCC_WARN_ABOUT_RETURN_TYPE = YES_ERROR;
				GCC_WARN_UNDECLARED_SELECTOR = YES;
				GCC_WARN_UNINITIALIZED_AUTOS = YES_AGGRESSIVE;
				GCC_WARN_UNUSED_FUNCTION = YES;
				GCC_WARN_UNUSED_VARIABLE = YES;
				IPHONEOS_DEPLOYMENT_TARGET = 7.1;
				ONLY_ACTIVE_ARCH = YES;
				SDKROOT = iphoneos;
				TARGETED_DEVICE_FAMILY = "1,2";
			};
			name = Debug;
		};
		045D58F619D55E730029D101 /* Release */ = {
			isa = XCBuildConfiguration;
			buildSettings = {
				ALWAYS_SEARCH_USER_PATHS = NO;
				CLANG_CXX_LANGUAGE_STANDARD = "gnu++0x";
				CLANG_CXX_LIBRARY = "libc++";
				CLANG_ENABLE_MODULES = YES;
				CLANG_ENABLE_OBJC_ARC = YES;
				CLANG_WARN_BOOL_CONVERSION = YES;
				CLANG_WARN_CONSTANT_CONVERSION = YES;
				CLANG_WARN_DIRECT_OBJC_ISA_USAGE = YES_ERROR;
				CLANG_WARN_EMPTY_BODY = YES;
				CLANG_WARN_ENUM_CONVERSION = YES;
				CLANG_WARN_INT_CONVERSION = YES;
				CLANG_WARN_OBJC_ROOT_CLASS = YES_ERROR;
				CLANG_WARN__DUPLICATE_METHOD_MATCH = YES;
				"CODE_SIGN_IDENTITY[sdk=iphoneos*]" = "iPhone Developer";
				COPY_PHASE_STRIP = YES;
				ENABLE_NS_ASSERTIONS = NO;
				GCC_C_LANGUAGE_STANDARD = gnu99;
				GCC_WARN_64_TO_32_BIT_CONVERSION = YES;
				GCC_WARN_ABOUT_RETURN_TYPE = YES_ERROR;
				GCC_WARN_UNDECLARED_SELECTOR = YES;
				GCC_WARN_UNINITIALIZED_AUTOS = YES_AGGRESSIVE;
				GCC_WARN_UNUSED_FUNCTION = YES;
				GCC_WARN_UNUSED_VARIABLE = YES;
				IPHONEOS_DEPLOYMENT_TARGET = 7.1;
				SDKROOT = iphoneos;
				TARGETED_DEVICE_FAMILY = "1,2";
				VALIDATE_PRODUCT = YES;
			};
			name = Release;
		};
		045D58F819D55E730029D101 /* Debug */ = {
			isa = XCBuildConfiguration;
			buildSettings = {
				ASSETCATALOG_COMPILER_APPICON_NAME = AppIcon;
				ASSETCATALOG_COMPILER_LAUNCHIMAGE_NAME = LaunchImage;
				GCC_PRECOMPILE_PREFIX_HEADER = YES;
				GCC_PREFIX_HEADER = "AdaptiveWeather/AdaptiveWeather-Prefix.pch";
				INFOPLIST_FILE = "AdaptiveWeather/AdaptiveWeather-Info.plist";
				PRODUCT_NAME = "$(TARGET_NAME)";
				WRAPPER_EXTENSION = app;
			};
			name = Debug;
		};
		045D58F919D55E730029D101 /* Release */ = {
			isa = XCBuildConfiguration;
			buildSettings = {
				ASSETCATALOG_COMPILER_APPICON_NAME = AppIcon;
				ASSETCATALOG_COMPILER_LAUNCHIMAGE_NAME = LaunchImage;
				GCC_PRECOMPILE_PREFIX_HEADER = YES;
				GCC_PREFIX_HEADER = "AdaptiveWeather/AdaptiveWeather-Prefix.pch";
				INFOPLIST_FILE = "AdaptiveWeather/AdaptiveWeather-Info.plist";
				PRODUCT_NAME = "$(TARGET_NAME)";
				WRAPPER_EXTENSION = app;
			};
			name = Release;
		};
		045D58FB19D55E730029D101 /* Debug */ = {
			isa = XCBuildConfiguration;
			buildSettings = {
				BUNDLE_LOADER = "$(BUILT_PRODUCTS_DIR)/AdaptiveWeather.app/AdaptiveWeather";
				FRAMEWORK_SEARCH_PATHS = (
					"$(SDKROOT)/Developer/Library/Frameworks",
					"$(inherited)",
					"$(DEVELOPER_FRAMEWORKS_DIR)",
				);
				GCC_PRECOMPILE_PREFIX_HEADER = YES;
				GCC_PREFIX_HEADER = "AdaptiveWeather/AdaptiveWeather-Prefix.pch";
				GCC_PREPROCESSOR_DEFINITIONS = (
					"DEBUG=1",
					"$(inherited)",
				);
				INFOPLIST_FILE = "AdaptiveWeatherTests/AdaptiveWeatherTests-Info.plist";
				PRODUCT_NAME = "$(TARGET_NAME)";
				TEST_HOST = "$(BUNDLE_LOADER)";
				WRAPPER_EXTENSION = xctest;
			};
			name = Debug;
		};
		045D58FC19D55E730029D101 /* Release */ = {
			isa = XCBuildConfiguration;
			buildSettings = {
				BUNDLE_LOADER = "$(BUILT_PRODUCTS_DIR)/AdaptiveWeather.app/AdaptiveWeather";
				FRAMEWORK_SEARCH_PATHS = (
					"$(SDKROOT)/Developer/Library/Frameworks",
					"$(inherited)",
					"$(DEVELOPER_FRAMEWORKS_DIR)",
				);
				GCC_PRECOMPILE_PREFIX_HEADER = YES;
				GCC_PREFIX_HEADER = "AdaptiveWeather/AdaptiveWeather-Prefix.pch";
				INFOPLIST_FILE = "AdaptiveWeatherTests/AdaptiveWeatherTests-Info.plist";
				PRODUCT_NAME = "$(TARGET_NAME)";
				TEST_HOST = "$(BUNDLE_LOADER)";
				WRAPPER_EXTENSION = xctest;
			};
			name = Release;
		};
/* End XCBuildConfiguration section */

/* Begin XCConfigurationList section */
		045D58BD19D55E730029D101 /* Build configuration list for PBXProject "AdaptiveWeather" */ = {
			isa = XCConfigurationList;
			buildConfigurations = (
				045D58F519D55E730029D101 /* Debug */,
				045D58F619D55E730029D101 /* Release */,
			);
			defaultConfigurationIsVisible = 0;
			defaultConfigurationName = Release;
		};
		045D58F719D55E730029D101 /* Build configuration list for PBXNativeTarget "AdaptiveWeather" */ = {
			isa = XCConfigurationList;
			buildConfigurations = (
				045D58F819D55E730029D101 /* Debug */,
				045D58F919D55E730029D101 /* Release */,
			);
			defaultConfigurationIsVisible = 0;
		};
		045D58FA19D55E730029D101 /* Build configuration list for PBXNativeTarget "AdaptiveWeatherTests" */ = {
			isa = XCConfigurationList;
			buildConfigurations = (
				045D58FB19D55E730029D101 /* Debug */,
				045D58FC19D55E730029D101 /* Release */,
			);
			defaultConfigurationIsVisible = 0;
		};
/* End XCConfigurationList section */
	};
	rootObject = 045D58BA19D55E730029D101 /* Project object */;
}
